
Microsoft Visual Studio Solution File, Format Version 12.00
# Visual Studio Version 17
VisualStudioVersion = 17.5.33516.290
MinimumVisualStudioVersion = 10.0.40219.1
Project("{FAE04EC0-301F-11D3-BF4B-00C04F79EFBC}") = "CarRentalManagment", "CarRentalManagment\CarRentalManagment.csproj", "{568478D7-98F8-438B-AF34-703F4C3D9BC6}"
EndProject
Project("{FAE04EC0-301F-11D3-BF4B-00C04F79EFBC}") = "Users", "Users\Users.csproj", "{171BF848-9C7F-4ADB-A9AF-85063A2A85EE}"
EndProject
Project("{FAE04EC0-301F-11D3-BF4B-00C04F79EFBC}") = "PostgresData", "PostgresData\PostgresData.csproj", "{7A79FAC7-ED60-486D-88EA-7B62A8AA5651}"
EndProject
Global
	GlobalSection(SolutionConfigurationPlatforms) = preSolution
		Debug|Any CPU = Debug|Any CPU
		Release|Any CPU = Release|Any CPU
	EndGlobalSection
	GlobalSection(ProjectConfigurationPlatforms) = postSolution
		{568478D7-98F8-438B-AF34-703F4C3D9BC6}.Debug|Any CPU.ActiveCfg = Debug|Any CPU
		{568478D7-98F8-438B-AF34-703F4C3D9BC6}.Debug|Any CPU.Build.0 = Debug|Any CPU
		{568478D7-98F8-438B-AF34-703F4C3D9BC6}.Release|Any CPU.ActiveCfg = Release|Any CPU
		{568478D7-98F8-438B-AF34-703F4C3D9BC6}.Release|Any CPU.Build.0 = Release|Any CPU
		{171BF848-9C7F-4ADB-A9AF-85063A2A85EE}.Debug|Any CPU.ActiveCfg = Debug|Any CPU
		{171BF848-9C7F-4ADB-A9AF-85063A2A85EE}.Debug|Any CPU.Build.0 = Debug|Any CPU
		{171BF848-9C7F-4ADB-A9AF-85063A2A85EE}.Release|Any CPU.ActiveCfg = Release|Any CPU
		{171BF848-9C7F-4ADB-A9AF-85063A2A85EE}.Release|Any CPU.Build.0 = Release|Any CPU
		{7A79FAC7-ED60-486D-88EA-7B62A8AA5651}.Debug|Any CPU.ActiveCfg = Debug|Any CPU
		{7A79FAC7-ED60-486D-88EA-7B62A8AA5651}.Debug|Any CPU.Build.0 = Debug|Any CPU
		{7A79FAC7-ED60-486D-88EA-7B62A8AA5651}.Release|Any CPU.ActiveCfg = Release|Any CPU
		{7A79FAC7-ED60-486D-88EA-7B62A8AA5651}.Release|Any CPU.Build.0 = Release|Any CPU
	EndGlobalSection
	GlobalSection(SolutionProperties) = preSolution
		HideSolutionNode = FALSE
	EndGlobalSection
	GlobalSection(ExtensibilityGlobals) = postSolution
		SolutionGuid = {070D507F-2E53-4960-9B70-C90AB7E06886}
	EndGlobalSection
EndGlobal
